
Microsoft Visual Studio Solution File, Format Version 12.00
# Visual Studio 15
VisualStudioVersion = 15.0.27130.2027
MinimumVisualStudioVersion = 10.0.40219.1
Project("{F184B08F-C81C-45F6-A57F-5ABD9991F28F}") = "Synthesia_", "Synthesia_\Synthesia_.vbproj", "{7BA4F7E3-B431-426C-B710-18F8418180CA}"
EndProject
Project("{F184B08F-C81C-45F6-A57F-5ABD9991F28F}") = "BAND64Config", "BAND64Config\BAND64Config.vbproj", "{BE58A02F-B4B4-4E08-B53D-5F03D78CE8F7}"
EndProject
Project("{F184B08F-C81C-45F6-A57F-5ABD9991F28F}") = "DrCode", "DrCode\DrCode.vbproj", "{8471E366-F142-4D4A-BCFE-F43F0D68C56D}"
EndProject
Global
	GlobalSection(SolutionConfigurationPlatforms) = preSolution
		Debug|Any CPU = Debug|Any CPU
		Release|Any CPU = Release|Any CPU
	EndGlobalSection
	GlobalSection(ProjectConfigurationPlatforms) = postSolution
		{7BA4F7E3-B431-426C-B710-18F8418180CA}.Debug|Any CPU.ActiveCfg = Debug|Any CPU
		{7BA4F7E3-B431-426C-B710-18F8418180CA}.Debug|Any CPU.Build.0 = Debug|Any CPU
		{7BA4F7E3-B431-426C-B710-18F8418180CA}.Release|Any CPU.ActiveCfg = Release|Any CPU
		{7BA4F7E3-B431-426C-B710-18F8418180CA}.Release|Any CPU.Build.0 = Release|Any CPU
		{BE58A02F-B4B4-4E08-B53D-5F03D78CE8F7}.Debug|Any CPU.ActiveCfg = Debug|Any CPU
		{BE58A02F-B4B4-4E08-B53D-5F03D78CE8F7}.Debug|Any CPU.Build.0 = Debug|Any CPU
		{BE58A02F-B4B4-4E08-B53D-5F03D78CE8F7}.Release|Any CPU.ActiveCfg = Release|Any CPU
		{BE58A02F-B4B4-4E08-B53D-5F03D78CE8F7}.Release|Any CPU.Build.0 = Release|Any CPU
		{8471E366-F142-4D4A-BCFE-F43F0D68C56D}.Debug|Any CPU.ActiveCfg = Debug|Any CPU
		{8471E366-F142-4D4A-BCFE-F43F0D68C56D}.Debug|Any CPU.Build.0 = Debug|Any CPU
		{8471E366-F142-4D4A-BCFE-F43F0D68C56D}.Release|Any CPU.ActiveCfg = Release|Any CPU
		{8471E366-F142-4D4A-BCFE-F43F0D68C56D}.Release|Any CPU.Build.0 = Release|Any CPU
	EndGlobalSection
	GlobalSection(SolutionProperties) = preSolution
		HideSolutionNode = FALSE
	EndGlobalSection
	GlobalSection(ExtensibilityGlobals) = postSolution
		SolutionGuid = {A942F2FA-391F-4D43-9FFB-F137B8DAB86E}
	EndGlobalSection
EndGlobal
